// !$*UTF8*$!
{
	archiveVersion = 1;
	classes = {
	};
	objectVersion = 56;
	objects = {

/* Begin PBXBuildFile section */
		26DABF152C189152002010F9 /* GoogleService-Info.plist in Resources */ = {isa = PBXBuildFile; fileRef = 26DABF142C189152002010F9 /* GoogleService-Info.plist */; };
		580C10FF2C0EE7C900BFBBC4 /* KeychainService.swift in Sources */ = {isa = PBXBuildFile; fileRef = 580C10FE2C0EE7C900BFBBC4 /* KeychainService.swift */; };
		580C11012C0EF6C000BFBBC4 /* CreateRoomView.swift in Sources */ = {isa = PBXBuildFile; fileRef = 580C11002C0EF6C000BFBBC4 /* CreateRoomView.swift */; };
		580C11042C0EF70200BFBBC4 /* CreateRoomVM.swift in Sources */ = {isa = PBXBuildFile; fileRef = 580C11032C0EF70200BFBBC4 /* CreateRoomVM.swift */; };
		580C11072C0F086C00BFBBC4 /* EnterRoomView.swift in Sources */ = {isa = PBXBuildFile; fileRef = 580C11062C0F086C00BFBBC4 /* EnterRoomView.swift */; };
		58585C462C085E62005B65FE /* RankingWebRepository.swift in Sources */ = {isa = PBXBuildFile; fileRef = 58585C452C085E62005B65FE /* RankingWebRepository.swift */; };
		58585C482C085FAF005B65FE /* Encodable+Extension.swift in Sources */ = {isa = PBXBuildFile; fileRef = 58585C472C085FAF005B65FE /* Encodable+Extension.swift */; };
		58585C4A2C08607B005B65FE /* Dictionary+Extension.swift in Sources */ = {isa = PBXBuildFile; fileRef = 58585C492C08607B005B65FE /* Dictionary+Extension.swift */; };
		58585C4C2C086117005B65FE /* Int16+Extension.swift in Sources */ = {isa = PBXBuildFile; fileRef = 58585C4B2C086117005B65FE /* Int16+Extension.swift */; };
		585BB4D82BFC654D007CCD51 /* Assets.xcassets in Resources */ = {isa = PBXBuildFile; fileRef = 585BB4D72BFC654D007CCD51 /* Assets.xcassets */; };
		585BB4DB2BFC654D007CCD51 /* Preview Assets.xcassets in Resources */ = {isa = PBXBuildFile; fileRef = 585BB4DA2BFC654D007CCD51 /* Preview Assets.xcassets */; };
		585BB4E52BFC654E007CCD51 /* AnimalPickerTests.swift in Sources */ = {isa = PBXBuildFile; fileRef = 585BB4E42BFC654E007CCD51 /* AnimalPickerTests.swift */; };
		585BB4EF2BFC654E007CCD51 /* AnimalPickerUITests.swift in Sources */ = {isa = PBXBuildFile; fileRef = 585BB4EE2BFC654E007CCD51 /* AnimalPickerUITests.swift */; };
		585BB4F12BFC654E007CCD51 /* AnimalPickerUITestsLaunchTests.swift in Sources */ = {isa = PBXBuildFile; fileRef = 585BB4F02BFC654E007CCD51 /* AnimalPickerUITestsLaunchTests.swift */; };
		585BB5012BFC6753007CCD51 /* Alamofire in Frameworks */ = {isa = PBXBuildFile; productRef = 585BB5002BFC6753007CCD51 /* Alamofire */; };
		585BB5072BFC67B8007CCD51 /* AppDelegate.swift in Sources */ = {isa = PBXBuildFile; fileRef = 585BB5062BFC67B8007CCD51 /* AppDelegate.swift */; };
		585BB5092BFC67CC007CCD51 /* SceneDelegate.swift in Sources */ = {isa = PBXBuildFile; fileRef = 585BB5082BFC67CC007CCD51 /* SceneDelegate.swift */; };
		585BB50C2BFC67F5007CCD51 /* AppCoordinator.swift in Sources */ = {isa = PBXBuildFile; fileRef = 585BB50B2BFC67F5007CCD51 /* AppCoordinator.swift */; };
		585BB50E2BFC67FB007CCD51 /* BaseCoordinator.swift in Sources */ = {isa = PBXBuildFile; fileRef = 585BB50D2BFC67FB007CCD51 /* BaseCoordinator.swift */; };
		585BB5112BFC6816007CCD51 /* DIContainer.swift in Sources */ = {isa = PBXBuildFile; fileRef = 585BB5102BFC6816007CCD51 /* DIContainer.swift */; };
		585BB5132BFC681C007CCD51 /* AppEnvironment.swift in Sources */ = {isa = PBXBuildFile; fileRef = 585BB5122BFC681C007CCD51 /* AppEnvironment.swift */; };
		585BB51A2BFC6866007CCD51 /* Constants.swift in Sources */ = {isa = PBXBuildFile; fileRef = 585BB5192BFC6866007CCD51 /* Constants.swift */; };
		585BB51F2BFC68D8007CCD51 /* SplashView.swift in Sources */ = {isa = PBXBuildFile; fileRef = 585BB51E2BFC68D8007CCD51 /* SplashView.swift */; };
		585BB5212BFC68DF007CCD51 /* SplashVM.swift in Sources */ = {isa = PBXBuildFile; fileRef = 585BB5202BFC68DF007CCD51 /* SplashVM.swift */; };
		585BB5232BFC6902007CCD51 /* BaseViewModel.swift in Sources */ = {isa = PBXBuildFile; fileRef = 585BB5222BFC6902007CCD51 /* BaseViewModel.swift */; };
		585BB5252BFC6922007CCD51 /* BaseViewController.swift in Sources */ = {isa = PBXBuildFile; fileRef = 585BB5242BFC6922007CCD51 /* BaseViewController.swift */; };
		585BB5272BFC6949007CCD51 /* MainView.swift in Sources */ = {isa = PBXBuildFile; fileRef = 585BB5262BFC6949007CCD51 /* MainView.swift */; };
		585BB5292BFC6954007CCD51 /* MainVM.swift in Sources */ = {isa = PBXBuildFile; fileRef = 585BB5282BFC6954007CCD51 /* MainVM.swift */; };
		585BB52C2BFC698B007CCD51 /* Util.swift in Sources */ = {isa = PBXBuildFile; fileRef = 585BB52B2BFC698B007CCD51 /* Util.swift */; };
		585BB52F2BFC69C6007CCD51 /* View+Extension.swift in Sources */ = {isa = PBXBuildFile; fileRef = 585BB52E2BFC69C6007CCD51 /* View+Extension.swift */; };
		585BB5312BFC69F1007CCD51 /* Font+Extension.swift in Sources */ = {isa = PBXBuildFile; fileRef = 585BB5302BFC69F1007CCD51 /* Font+Extension.swift */; };
		585BB5372BFC7029007CCD51 /* SingleGameView.swift in Sources */ = {isa = PBXBuildFile; fileRef = 585BB5362BFC7029007CCD51 /* SingleGameView.swift */; };
		585BB5392BFC702E007CCD51 /* SingleGameVM.swift in Sources */ = {isa = PBXBuildFile; fileRef = 585BB5382BFC702E007CCD51 /* SingleGameVM.swift */; };
		585BB53B2BFC7137007CCD51 /* GameInfo.swift in Sources */ = {isa = PBXBuildFile; fileRef = 585BB53A2BFC7137007CCD51 /* GameInfo.swift */; };
		585BB53D2BFC745B007CCD51 /* FoxImageRepository.swift in Sources */ = {isa = PBXBuildFile; fileRef = 585BB53C2BFC745B007CCD51 /* FoxImageRepository.swift */; };
		585BB5422BFC7516007CCD51 /* BaseNetwork.swift in Sources */ = {isa = PBXBuildFile; fileRef = 585BB5412BFC7516007CCD51 /* BaseNetwork.swift */; };
		585BB5442BFC764A007CCD51 /* DogImageRepository.swift in Sources */ = {isa = PBXBuildFile; fileRef = 585BB5432BFC764A007CCD51 /* DogImageRepository.swift */; };
		585BB5482BFC8379007CCD51 /* AnimalImageInteractor.swift in Sources */ = {isa = PBXBuildFile; fileRef = 585BB5472BFC8379007CCD51 /* AnimalImageInteractor.swift */; };
		585BB54A2BFC8F5E007CCD51 /* Publisher+Extension.swift in Sources */ = {isa = PBXBuildFile; fileRef = 585BB5492BFC8F5E007CCD51 /* Publisher+Extension.swift */; };
		5870E7482C06F71800416F08 /* SDGrid.swift in Sources */ = {isa = PBXBuildFile; fileRef = 5870E7472C06F71800416F08 /* SDGrid.swift */; };
		5870E74F2C0718E700416F08 /* FirebaseDatabase in Frameworks */ = {isa = PBXBuildFile; productRef = 5870E74E2C0718E700416F08 /* FirebaseDatabase */; };
		5870E7512C0718E700416F08 /* FirebaseDatabaseSwift in Frameworks */ = {isa = PBXBuildFile; productRef = 5870E7502C0718E700416F08 /* FirebaseDatabaseSwift */; };
		5870E7532C0718E800416F08 /* FirebaseFirestore in Frameworks */ = {isa = PBXBuildFile; productRef = 5870E7522C0718E800416F08 /* FirebaseFirestore */; };
		5870E7552C0718E800416F08 /* FirebaseFirestoreSwift in Frameworks */ = {isa = PBXBuildFile; productRef = 5870E7542C0718E800416F08 /* FirebaseFirestoreSwift */; };
		5870E7572C071EDE00416F08 /* FirestoreService.swift in Sources */ = {isa = PBXBuildFile; fileRef = 5870E7562C071EDE00416F08 /* FirestoreService.swift */; };
		5870E7582C071EDE00416F08 /* FirestoreService.swift in Sources */ = {isa = PBXBuildFile; fileRef = 5870E7562C071EDE00416F08 /* FirestoreService.swift */; };
		5870E7592C071EDE00416F08 /* FirestoreService.swift in Sources */ = {isa = PBXBuildFile; fileRef = 5870E7562C071EDE00416F08 /* FirestoreService.swift */; };
		5874D77C2C191DE4002911D5 /* animal_picker_db.xcdatamodeld in Sources */ = {isa = PBXBuildFile; fileRef = 5874D77A2C191DE4002911D5 /* animal_picker_db.xcdatamodeld */; };
		5878B4742C00130800A7329B /* RankingView.swift in Sources */ = {isa = PBXBuildFile; fileRef = 5878B4732C00130800A7329B /* RankingView.swift */; };
		5878B4762C00130D00A7329B /* RankingVM.swift in Sources */ = {isa = PBXBuildFile; fileRef = 5878B4752C00130D00A7329B /* RankingVM.swift */; };
		5878B4782C00188600A7329B /* RankingInteractor.swift in Sources */ = {isa = PBXBuildFile; fileRef = 5878B4772C00188600A7329B /* RankingInteractor.swift */; };
		5878B47E2C00193300A7329B /* RankingDBRepository.swift in Sources */ = {isa = PBXBuildFile; fileRef = 5878B47D2C00193300A7329B /* RankingDBRepository.swift */; };
		5878B4812C001B3A00A7329B /* UserDefaultsService.swift in Sources */ = {isa = PBXBuildFile; fileRef = 5878B4802C001B3A00A7329B /* UserDefaultsService.swift */; };
		5878B4832C002A5800A7329B /* SingleTextField.swift in Sources */ = {isa = PBXBuildFile; fileRef = 5878B4822C002A5800A7329B /* SingleTextField.swift */; };
		5878B4892C007DCF00A7329B /* SingleBoxTextField.swift in Sources */ = {isa = PBXBuildFile; fileRef = 5878B4882C007DCF00A7329B /* SingleBoxTextField.swift */; };
		5878B48D2C008AD100A7329B /* Kingfisher in Frameworks */ = {isa = PBXBuildFile; productRef = 5878B48C2C008AD100A7329B /* Kingfisher */; };
		587ED91E2C0D711900FEFA96 /* GameItemView.swift in Sources */ = {isa = PBXBuildFile; fileRef = 587ED91D2C0D711900FEFA96 /* GameItemView.swift */; };
		587ED9202C0D72F500FEFA96 /* MultiGameView.swift in Sources */ = {isa = PBXBuildFile; fileRef = 587ED91F2C0D72F500FEFA96 /* MultiGameView.swift */; };
		587ED9222C0D730000FEFA96 /* MultiGameVM.swift in Sources */ = {isa = PBXBuildFile; fileRef = 587ED9212C0D730000FEFA96 /* MultiGameVM.swift */; };
		587ED9232C0D730500FEFA96 /* MultiGameView.swift in Sources */ = {isa = PBXBuildFile; fileRef = 587ED91F2C0D72F500FEFA96 /* MultiGameView.swift */; };
		587ED9242C0D730600FEFA96 /* MultiGameView.swift in Sources */ = {isa = PBXBuildFile; fileRef = 587ED91F2C0D72F500FEFA96 /* MultiGameView.swift */; };
		587ED9252C0D730A00FEFA96 /* MultiGameVM.swift in Sources */ = {isa = PBXBuildFile; fileRef = 587ED9212C0D730000FEFA96 /* MultiGameVM.swift */; };
		587ED9262C0D730A00FEFA96 /* MultiGameVM.swift in Sources */ = {isa = PBXBuildFile; fileRef = 587ED9212C0D730000FEFA96 /* MultiGameVM.swift */; };
		587ED9352C0D849400FEFA96 /* GameRoomListVM.swift in Sources */ = {isa = PBXBuildFile; fileRef = 587ED9342C0D849400FEFA96 /* GameRoomListVM.swift */; };
		587ED9372C0D849700FEFA96 /* GameRoomListView.swift in Sources */ = {isa = PBXBuildFile; fileRef = 587ED9362C0D849700FEFA96 /* GameRoomListView.swift */; };
		587ED93B2C0D85A200FEFA96 /* RoomData.swift in Sources */ = {isa = PBXBuildFile; fileRef = 587ED93A2C0D85A200FEFA96 /* RoomData.swift */; };
		587ED93F2C0D976200FEFA96 /* MultiGameMemberData.swift in Sources */ = {isa = PBXBuildFile; fileRef = 587ED93E2C0D976200FEFA96 /* MultiGameMemberData.swift */; };
		58856ACB2C12902C000F53FF /* HapticUtil.swift in Sources */ = {isa = PBXBuildFile; fileRef = 58856ACA2C12902C000F53FF /* HapticUtil.swift */; };
		58856ACD2C129F40000F53FF /* EnterRoomVM.swift in Sources */ = {isa = PBXBuildFile; fileRef = 58856ACC2C129F40000F53FF /* EnterRoomVM.swift */; };
		588EE8852C18238F0053A711 /* MultiGameService.swift in Sources */ = {isa = PBXBuildFile; fileRef = 588EE8842C18238F0053A711 /* MultiGameService.swift */; };
		5892AE162BFEC961009663C1 /* DuckImageRepository.swift in Sources */ = {isa = PBXBuildFile; fileRef = 5892AE152BFEC961009663C1 /* DuckImageRepository.swift */; };
		5892AE182BFECCE0009663C1 /* LizardImageRepository.swift in Sources */ = {isa = PBXBuildFile; fileRef = 5892AE172BFECCE0009663C1 /* LizardImageRepository.swift */; };
		58C50D282C04150000C4E0F1 /* CoreDataService.swift in Sources */ = {isa = PBXBuildFile; fileRef = 58C50D272C04150000C4E0F1 /* CoreDataService.swift */; };
		58C50D2F2C041A1D00C4E0F1 /* RankingData.swift in Sources */ = {isa = PBXBuildFile; fileRef = 58C50D2E2C041A1D00C4E0F1 /* RankingData.swift */; };
		58C50D312C047E5400C4E0F1 /* Topbar.swift in Sources */ = {isa = PBXBuildFile; fileRef = 58C50D302C047E5400C4E0F1 /* Topbar.swift */; };
/* End PBXBuildFile section */

/* Begin PBXContainerItemProxy section */
		585BB4E12BFC654E007CCD51 /* PBXContainerItemProxy */ = {
			isa = PBXContainerItemProxy;
			containerPortal = 585BB4C82BFC654C007CCD51 /* Project object */;
			proxyType = 1;
			remoteGlobalIDString = 585BB4CF2BFC654C007CCD51;
			remoteInfo = AnimalPicker;
		};
		585BB4EB2BFC654E007CCD51 /* PBXContainerItemProxy */ = {
			isa = PBXContainerItemProxy;
			containerPortal = 585BB4C82BFC654C007CCD51 /* Project object */;
			proxyType = 1;
			remoteGlobalIDString = 585BB4CF2BFC654C007CCD51;
			remoteInfo = AnimalPicker;
		};
/* End PBXContainerItemProxy section */

/* Begin PBXFileReference section */
		26DABF142C189152002010F9 /* GoogleService-Info.plist */ = {isa = PBXFileReference; fileEncoding = 4; lastKnownFileType = text.plist.xml; path = "GoogleService-Info.plist"; sourceTree = "<group>"; };
		580C10FE2C0EE7C900BFBBC4 /* KeychainService.swift */ = {isa = PBXFileReference; lastKnownFileType = sourcecode.swift; path = KeychainService.swift; sourceTree = "<group>"; };
		580C11002C0EF6C000BFBBC4 /* CreateRoomView.swift */ = {isa = PBXFileReference; lastKnownFileType = sourcecode.swift; path = CreateRoomView.swift; sourceTree = "<group>"; };
		580C11032C0EF70200BFBBC4 /* CreateRoomVM.swift */ = {isa = PBXFileReference; lastKnownFileType = sourcecode.swift; path = CreateRoomVM.swift; sourceTree = "<group>"; };
		580C11062C0F086C00BFBBC4 /* EnterRoomView.swift */ = {isa = PBXFileReference; lastKnownFileType = sourcecode.swift; path = EnterRoomView.swift; sourceTree = "<group>"; };
		58585C452C085E62005B65FE /* RankingWebRepository.swift */ = {isa = PBXFileReference; lastKnownFileType = sourcecode.swift; path = RankingWebRepository.swift; sourceTree = "<group>"; };
		58585C472C085FAF005B65FE /* Encodable+Extension.swift */ = {isa = PBXFileReference; lastKnownFileType = sourcecode.swift; path = "Encodable+Extension.swift"; sourceTree = "<group>"; };
		58585C492C08607B005B65FE /* Dictionary+Extension.swift */ = {isa = PBXFileReference; lastKnownFileType = sourcecode.swift; path = "Dictionary+Extension.swift"; sourceTree = "<group>"; };
		58585C4B2C086117005B65FE /* Int16+Extension.swift */ = {isa = PBXFileReference; lastKnownFileType = sourcecode.swift; path = "Int16+Extension.swift"; sourceTree = "<group>"; };
		585BB4D02BFC654C007CCD51 /* AnimalPicker.app */ = {isa = PBXFileReference; explicitFileType = wrapper.application; includeInIndex = 0; path = AnimalPicker.app; sourceTree = BUILT_PRODUCTS_DIR; };
		585BB4D72BFC654D007CCD51 /* Assets.xcassets */ = {isa = PBXFileReference; lastKnownFileType = folder.assetcatalog; path = Assets.xcassets; sourceTree = "<group>"; };
		585BB4DA2BFC654D007CCD51 /* Preview Assets.xcassets */ = {isa = PBXFileReference; lastKnownFileType = folder.assetcatalog; path = "Preview Assets.xcassets"; sourceTree = "<group>"; };
		585BB4E02BFC654E007CCD51 /* AnimalPickerTests.xctest */ = {isa = PBXFileReference; explicitFileType = wrapper.cfbundle; includeInIndex = 0; path = AnimalPickerTests.xctest; sourceTree = BUILT_PRODUCTS_DIR; };
		585BB4E42BFC654E007CCD51 /* AnimalPickerTests.swift */ = {isa = PBXFileReference; lastKnownFileType = sourcecode.swift; path = AnimalPickerTests.swift; sourceTree = "<group>"; };
		585BB4EA2BFC654E007CCD51 /* AnimalPickerUITests.xctest */ = {isa = PBXFileReference; explicitFileType = wrapper.cfbundle; includeInIndex = 0; path = AnimalPickerUITests.xctest; sourceTree = BUILT_PRODUCTS_DIR; };
		585BB4EE2BFC654E007CCD51 /* AnimalPickerUITests.swift */ = {isa = PBXFileReference; lastKnownFileType = sourcecode.swift; path = AnimalPickerUITests.swift; sourceTree = "<group>"; };
		585BB4F02BFC654E007CCD51 /* AnimalPickerUITestsLaunchTests.swift */ = {isa = PBXFileReference; lastKnownFileType = sourcecode.swift; path = AnimalPickerUITestsLaunchTests.swift; sourceTree = "<group>"; };
		585BB5062BFC67B8007CCD51 /* AppDelegate.swift */ = {isa = PBXFileReference; lastKnownFileType = sourcecode.swift; path = AppDelegate.swift; sourceTree = "<group>"; };
		585BB5082BFC67CC007CCD51 /* SceneDelegate.swift */ = {isa = PBXFileReference; lastKnownFileType = sourcecode.swift; path = SceneDelegate.swift; sourceTree = "<group>"; };
		585BB50B2BFC67F5007CCD51 /* AppCoordinator.swift */ = {isa = PBXFileReference; lastKnownFileType = sourcecode.swift; path = AppCoordinator.swift; sourceTree = "<group>"; };
		585BB50D2BFC67FB007CCD51 /* BaseCoordinator.swift */ = {isa = PBXFileReference; lastKnownFileType = sourcecode.swift; path = BaseCoordinator.swift; sourceTree = "<group>"; };
		585BB5102BFC6816007CCD51 /* DIContainer.swift */ = {isa = PBXFileReference; lastKnownFileType = sourcecode.swift; path = DIContainer.swift; sourceTree = "<group>"; };
		585BB5122BFC681C007CCD51 /* AppEnvironment.swift */ = {isa = PBXFileReference; lastKnownFileType = sourcecode.swift; path = AppEnvironment.swift; sourceTree = "<group>"; };
		585BB5192BFC6866007CCD51 /* Constants.swift */ = {isa = PBXFileReference; lastKnownFileType = sourcecode.swift; path = Constants.swift; sourceTree = "<group>"; };
		585BB51E2BFC68D8007CCD51 /* SplashView.swift */ = {isa = PBXFileReference; lastKnownFileType = sourcecode.swift; path = SplashView.swift; sourceTree = "<group>"; };
		585BB5202BFC68DF007CCD51 /* SplashVM.swift */ = {isa = PBXFileReference; lastKnownFileType = sourcecode.swift; path = SplashVM.swift; sourceTree = "<group>"; };
		585BB5222BFC6902007CCD51 /* BaseViewModel.swift */ = {isa = PBXFileReference; lastKnownFileType = sourcecode.swift; path = BaseViewModel.swift; sourceTree = "<group>"; };
		585BB5242BFC6922007CCD51 /* BaseViewController.swift */ = {isa = PBXFileReference; lastKnownFileType = sourcecode.swift; path = BaseViewController.swift; sourceTree = "<group>"; };
		585BB5262BFC6949007CCD51 /* MainView.swift */ = {isa = PBXFileReference; lastKnownFileType = sourcecode.swift; path = MainView.swift; sourceTree = "<group>"; };
		585BB5282BFC6954007CCD51 /* MainVM.swift */ = {isa = PBXFileReference; lastKnownFileType = sourcecode.swift; path = MainVM.swift; sourceTree = "<group>"; };
		585BB52B2BFC698B007CCD51 /* Util.swift */ = {isa = PBXFileReference; lastKnownFileType = sourcecode.swift; path = Util.swift; sourceTree = "<group>"; };
		585BB52E2BFC69C6007CCD51 /* View+Extension.swift */ = {isa = PBXFileReference; lastKnownFileType = sourcecode.swift; path = "View+Extension.swift"; sourceTree = "<group>"; };
		585BB5302BFC69F1007CCD51 /* Font+Extension.swift */ = {isa = PBXFileReference; lastKnownFileType = sourcecode.swift; path = "Font+Extension.swift"; sourceTree = "<group>"; };
		585BB5322BFC6BAE007CCD51 /* Info.plist */ = {isa = PBXFileReference; lastKnownFileType = text.plist; path = Info.plist; sourceTree = "<group>"; };
		585BB5362BFC7029007CCD51 /* SingleGameView.swift */ = {isa = PBXFileReference; lastKnownFileType = sourcecode.swift; path = SingleGameView.swift; sourceTree = "<group>"; };
		585BB5382BFC702E007CCD51 /* SingleGameVM.swift */ = {isa = PBXFileReference; lastKnownFileType = sourcecode.swift; path = SingleGameVM.swift; sourceTree = "<group>"; };
		585BB53A2BFC7137007CCD51 /* GameInfo.swift */ = {isa = PBXFileReference; lastKnownFileType = sourcecode.swift; path = GameInfo.swift; sourceTree = "<group>"; };
		585BB53C2BFC745B007CCD51 /* FoxImageRepository.swift */ = {isa = PBXFileReference; lastKnownFileType = sourcecode.swift; path = FoxImageRepository.swift; sourceTree = "<group>"; };
		585BB5412BFC7516007CCD51 /* BaseNetwork.swift */ = {isa = PBXFileReference; lastKnownFileType = sourcecode.swift; path = BaseNetwork.swift; sourceTree = "<group>"; };
		585BB5432BFC764A007CCD51 /* DogImageRepository.swift */ = {isa = PBXFileReference; lastKnownFileType = sourcecode.swift; path = DogImageRepository.swift; sourceTree = "<group>"; };
		585BB5472BFC8379007CCD51 /* AnimalImageInteractor.swift */ = {isa = PBXFileReference; lastKnownFileType = sourcecode.swift; path = AnimalImageInteractor.swift; sourceTree = "<group>"; };
		585BB5492BFC8F5E007CCD51 /* Publisher+Extension.swift */ = {isa = PBXFileReference; lastKnownFileType = sourcecode.swift; path = "Publisher+Extension.swift"; sourceTree = "<group>"; };
		5870E7472C06F71800416F08 /* SDGrid.swift */ = {isa = PBXFileReference; lastKnownFileType = sourcecode.swift; path = SDGrid.swift; sourceTree = "<group>"; };
		5870E7562C071EDE00416F08 /* FirestoreService.swift */ = {isa = PBXFileReference; lastKnownFileType = sourcecode.swift; path = FirestoreService.swift; sourceTree = "<group>"; };
		5874D77B2C191DE4002911D5 /* animal_picker_db.xcdatamodel */ = {isa = PBXFileReference; lastKnownFileType = wrapper.xcdatamodel; path = animal_picker_db.xcdatamodel; sourceTree = "<group>"; };
		5878B4732C00130800A7329B /* RankingView.swift */ = {isa = PBXFileReference; lastKnownFileType = sourcecode.swift; path = RankingView.swift; sourceTree = "<group>"; };
		5878B4752C00130D00A7329B /* RankingVM.swift */ = {isa = PBXFileReference; lastKnownFileType = sourcecode.swift; path = RankingVM.swift; sourceTree = "<group>"; };
		5878B4772C00188600A7329B /* RankingInteractor.swift */ = {isa = PBXFileReference; lastKnownFileType = sourcecode.swift; path = RankingInteractor.swift; sourceTree = "<group>"; };
		5878B47D2C00193300A7329B /* RankingDBRepository.swift */ = {isa = PBXFileReference; lastKnownFileType = sourcecode.swift; path = RankingDBRepository.swift; sourceTree = "<group>"; };
		5878B4802C001B3A00A7329B /* UserDefaultsService.swift */ = {isa = PBXFileReference; lastKnownFileType = sourcecode.swift; path = UserDefaultsService.swift; sourceTree = "<group>"; };
		5878B4822C002A5800A7329B /* SingleTextField.swift */ = {isa = PBXFileReference; lastKnownFileType = sourcecode.swift; path = SingleTextField.swift; sourceTree = "<group>"; };
		5878B4882C007DCF00A7329B /* SingleBoxTextField.swift */ = {isa = PBXFileReference; lastKnownFileType = sourcecode.swift; path = SingleBoxTextField.swift; sourceTree = "<group>"; };
		587ED91D2C0D711900FEFA96 /* GameItemView.swift */ = {isa = PBXFileReference; lastKnownFileType = sourcecode.swift; path = GameItemView.swift; sourceTree = "<group>"; };
		587ED91F2C0D72F500FEFA96 /* MultiGameView.swift */ = {isa = PBXFileReference; lastKnownFileType = sourcecode.swift; path = MultiGameView.swift; sourceTree = "<group>"; };
		587ED9212C0D730000FEFA96 /* MultiGameVM.swift */ = {isa = PBXFileReference; lastKnownFileType = sourcecode.swift; path = MultiGameVM.swift; sourceTree = "<group>"; };
		587ED9342C0D849400FEFA96 /* GameRoomListVM.swift */ = {isa = PBXFileReference; lastKnownFileType = sourcecode.swift; path = GameRoomListVM.swift; sourceTree = "<group>"; };
		587ED9362C0D849700FEFA96 /* GameRoomListView.swift */ = {isa = PBXFileReference; lastKnownFileType = sourcecode.swift; path = GameRoomListView.swift; sourceTree = "<group>"; };
		587ED93A2C0D85A200FEFA96 /* RoomData.swift */ = {isa = PBXFileReference; lastKnownFileType = sourcecode.swift; path = RoomData.swift; sourceTree = "<group>"; };
		587ED93E2C0D976200FEFA96 /* MultiGameMemberData.swift */ = {isa = PBXFileReference; lastKnownFileType = sourcecode.swift; path = MultiGameMemberData.swift; sourceTree = "<group>"; };
		58856ACA2C12902C000F53FF /* HapticUtil.swift */ = {isa = PBXFileReference; lastKnownFileType = sourcecode.swift; path = HapticUtil.swift; sourceTree = "<group>"; };
		58856ACC2C129F40000F53FF /* EnterRoomVM.swift */ = {isa = PBXFileReference; lastKnownFileType = sourcecode.swift; path = EnterRoomVM.swift; sourceTree = "<group>"; };
		588EE8842C18238F0053A711 /* MultiGameService.swift */ = {isa = PBXFileReference; lastKnownFileType = sourcecode.swift; path = MultiGameService.swift; sourceTree = "<group>"; };
		5892AE152BFEC961009663C1 /* DuckImageRepository.swift */ = {isa = PBXFileReference; lastKnownFileType = sourcecode.swift; path = DuckImageRepository.swift; sourceTree = "<group>"; };
		5892AE172BFECCE0009663C1 /* LizardImageRepository.swift */ = {isa = PBXFileReference; lastKnownFileType = sourcecode.swift; path = LizardImageRepository.swift; sourceTree = "<group>"; };
		58C50D272C04150000C4E0F1 /* CoreDataService.swift */ = {isa = PBXFileReference; lastKnownFileType = sourcecode.swift; path = CoreDataService.swift; sourceTree = "<group>"; };
		58C50D2E2C041A1D00C4E0F1 /* RankingData.swift */ = {isa = PBXFileReference; lastKnownFileType = sourcecode.swift; path = RankingData.swift; sourceTree = "<group>"; };
		58C50D302C047E5400C4E0F1 /* Topbar.swift */ = {isa = PBXFileReference; lastKnownFileType = sourcecode.swift; path = Topbar.swift; sourceTree = "<group>"; };
/* End PBXFileReference section */

/* Begin PBXFrameworksBuildPhase section */
		585BB4CD2BFC654C007CCD51 /* Frameworks */ = {
			isa = PBXFrameworksBuildPhase;
			buildActionMask = 2147483647;
			files = (
				5870E7512C0718E700416F08 /* FirebaseDatabaseSwift in Frameworks */,
				5870E74F2C0718E700416F08 /* FirebaseDatabase in Frameworks */,
				5878B48D2C008AD100A7329B /* Kingfisher in Frameworks */,
				5870E7532C0718E800416F08 /* FirebaseFirestore in Frameworks */,
				585BB5012BFC6753007CCD51 /* Alamofire in Frameworks */,
				5870E7552C0718E800416F08 /* FirebaseFirestoreSwift in Frameworks */,
			);
			runOnlyForDeploymentPostprocessing = 0;
		};
		585BB4DD2BFC654E007CCD51 /* Frameworks */ = {
			isa = PBXFrameworksBuildPhase;
			buildActionMask = 2147483647;
			files = (
			);
			runOnlyForDeploymentPostprocessing = 0;
		};
		585BB4E72BFC654E007CCD51 /* Frameworks */ = {
			isa = PBXFrameworksBuildPhase;
			buildActionMask = 2147483647;
			files = (
			);
			runOnlyForDeploymentPostprocessing = 0;
		};
/* End PBXFrameworksBuildPhase section */

/* Begin PBXGroup section */
		580C11022C0EF6F900BFBBC4 /* CreateRoomView */ = {
			isa = PBXGroup;
			children = (
				580C11002C0EF6C000BFBBC4 /* CreateRoomView.swift */,
				580C11032C0EF70200BFBBC4 /* CreateRoomVM.swift */,
			);
			path = CreateRoomView;
			sourceTree = "<group>";
		};
		580C11052C0F085500BFBBC4 /* EnterRoomView */ = {
			isa = PBXGroup;
			children = (
				580C11062C0F086C00BFBBC4 /* EnterRoomView.swift */,
				58856ACC2C129F40000F53FF /* EnterRoomVM.swift */,
			);
			path = EnterRoomView;
			sourceTree = "<group>";
		};
		585BB4C72BFC654C007CCD51 = {
			isa = PBXGroup;
			children = (
				585BB4D22BFC654C007CCD51 /* AnimalPicker */,
				585BB4E32BFC654E007CCD51 /* AnimalPickerTests */,
				585BB4ED2BFC654E007CCD51 /* AnimalPickerUITests */,
				585BB4D12BFC654C007CCD51 /* Products */,
			);
			sourceTree = "<group>";
		};
		585BB4D12BFC654C007CCD51 /* Products */ = {
			isa = PBXGroup;
			children = (
				585BB4D02BFC654C007CCD51 /* AnimalPicker.app */,
				585BB4E02BFC654E007CCD51 /* AnimalPickerTests.xctest */,
				585BB4EA2BFC654E007CCD51 /* AnimalPickerUITests.xctest */,
			);
			name = Products;
			sourceTree = "<group>";
		};
		585BB4D22BFC654C007CCD51 /* AnimalPicker */ = {
			isa = PBXGroup;
			children = (
				58856AC92C12901E000F53FF /* Utils */,
				585BB5322BFC6BAE007CCD51 /* Info.plist */,
				26DABF142C189152002010F9 /* GoogleService-Info.plist */,
				58C50D2C2C041A1000C4E0F1 /* Domain */,
				5878B47F2C001B2900A7329B /* Persistence */,
				585BB5402BFC74FF007CCD51 /* Infrastructure */,
				585BB50F2BFC680C007CCD51 /* Injected */,
				585BB5342BFC6D49007CCD51 /* Repositories */,
				585BB52D2BFC69BE007CCD51 /* Extensions */,
				585BB52A2BFC6983007CCD51 /* Helper */,
				585BB51B2BFC68BD007CCD51 /* Presentation */,
				585BB5142BFC682D007CCD51 /* Interactors */,
				585BB50A2BFC67EA007CCD51 /* Coordinator */,
				585BB5052BFC67AD007CCD51 /* Application */,
				585BB4D72BFC654D007CCD51 /* Assets.xcassets */,
				585BB4D92BFC654D007CCD51 /* Preview Content */,
			);
			path = AnimalPicker;
			sourceTree = "<group>";
		};
		585BB4D92BFC654D007CCD51 /* Preview Content */ = {
			isa = PBXGroup;
			children = (
				585BB4DA2BFC654D007CCD51 /* Preview Assets.xcassets */,
			);
			path = "Preview Content";
			sourceTree = "<group>";
		};
		585BB4E32BFC654E007CCD51 /* AnimalPickerTests */ = {
			isa = PBXGroup;
			children = (
				585BB4E42BFC654E007CCD51 /* AnimalPickerTests.swift */,
			);
			path = AnimalPickerTests;
			sourceTree = "<group>";
		};
		585BB4ED2BFC654E007CCD51 /* AnimalPickerUITests */ = {
			isa = PBXGroup;
			children = (
				585BB4EE2BFC654E007CCD51 /* AnimalPickerUITests.swift */,
				585BB4F02BFC654E007CCD51 /* AnimalPickerUITestsLaunchTests.swift */,
			);
			path = AnimalPickerUITests;
			sourceTree = "<group>";
		};
		585BB5052BFC67AD007CCD51 /* Application */ = {
			isa = PBXGroup;
			children = (
				585BB5062BFC67B8007CCD51 /* AppDelegate.swift */,
				585BB5082BFC67CC007CCD51 /* SceneDelegate.swift */,
				585BB5192BFC6866007CCD51 /* Constants.swift */,
			);
			path = Application;
			sourceTree = "<group>";
		};
		585BB50A2BFC67EA007CCD51 /* Coordinator */ = {
			isa = PBXGroup;
			children = (
				585BB50B2BFC67F5007CCD51 /* AppCoordinator.swift */,
				585BB50D2BFC67FB007CCD51 /* BaseCoordinator.swift */,
			);
			path = Coordinator;
			sourceTree = "<group>";
		};
		585BB50F2BFC680C007CCD51 /* Injected */ = {
			isa = PBXGroup;
			children = (
				585BB5102BFC6816007CCD51 /* DIContainer.swift */,
				585BB5122BFC681C007CCD51 /* AppEnvironment.swift */,
			);
			path = Injected;
			sourceTree = "<group>";
		};
		585BB5142BFC682D007CCD51 /* Interactors */ = {
			isa = PBXGroup;
			children = (
				585BB5472BFC8379007CCD51 /* AnimalImageInteractor.swift */,
				5878B4772C00188600A7329B /* RankingInteractor.swift */,
			);
			path = Interactors;
			sourceTree = "<group>";
		};
		585BB51B2BFC68BD007CCD51 /* Presentation */ = {
			isa = PBXGroup;
			children = (
				587ED91C2C0D710D00FEFA96 /* GameView */,
				585BB5352BFC700F007CCD51 /* SingleGameView */,
				587ED91B2C0D70E400FEFA96 /* MultiGameView */,
				58637C4B2BFD837600F48A95 /* CustomView */,
				585BB5332BFC6C69007CCD51 /* Base */,
				5878B4722C0012F100A7329B /* RankingView */,
				585BB51D2BFC68CC007CCD51 /* MainView */,
				585BB51C2BFC68C9007CCD51 /* SplashView */,
			);
			path = Presentation;
			sourceTree = "<group>";
		};
		585BB51C2BFC68C9007CCD51 /* SplashView */ = {
			isa = PBXGroup;
			children = (
				585BB51E2BFC68D8007CCD51 /* SplashView.swift */,
				585BB5202BFC68DF007CCD51 /* SplashVM.swift */,
			);
			path = SplashView;
			sourceTree = "<group>";
		};
		585BB51D2BFC68CC007CCD51 /* MainView */ = {
			isa = PBXGroup;
			children = (
				585BB5262BFC6949007CCD51 /* MainView.swift */,
				585BB5282BFC6954007CCD51 /* MainVM.swift */,
			);
			path = MainView;
			sourceTree = "<group>";
		};
		585BB52A2BFC6983007CCD51 /* Helper */ = {
			isa = PBXGroup;
			children = (
				585BB52B2BFC698B007CCD51 /* Util.swift */,
			);
			path = Helper;
			sourceTree = "<group>";
		};
		585BB52D2BFC69BE007CCD51 /* Extensions */ = {
			isa = PBXGroup;
			children = (
				585BB52E2BFC69C6007CCD51 /* View+Extension.swift */,
				585BB5302BFC69F1007CCD51 /* Font+Extension.swift */,
				585BB5492BFC8F5E007CCD51 /* Publisher+Extension.swift */,
				58585C472C085FAF005B65FE /* Encodable+Extension.swift */,
				58585C492C08607B005B65FE /* Dictionary+Extension.swift */,
				58585C4B2C086117005B65FE /* Int16+Extension.swift */,
			);
			path = Extensions;
			sourceTree = "<group>";
		};
		585BB5332BFC6C69007CCD51 /* Base */ = {
			isa = PBXGroup;
			children = (
				585BB5222BFC6902007CCD51 /* BaseViewModel.swift */,
				585BB5242BFC6922007CCD51 /* BaseViewController.swift */,
			);
			path = Base;
			sourceTree = "<group>";
		};
		585BB5342BFC6D49007CCD51 /* Repositories */ = {
			isa = PBXGroup;
			children = (
				585BB53C2BFC745B007CCD51 /* FoxImageRepository.swift */,
				585BB5432BFC764A007CCD51 /* DogImageRepository.swift */,
				5892AE152BFEC961009663C1 /* DuckImageRepository.swift */,
				5892AE172BFECCE0009663C1 /* LizardImageRepository.swift */,
				5878B47D2C00193300A7329B /* RankingDBRepository.swift */,
				58585C452C085E62005B65FE /* RankingWebRepository.swift */,
			);
			path = Repositories;
			sourceTree = "<group>";
		};
		585BB5352BFC700F007CCD51 /* SingleGameView */ = {
			isa = PBXGroup;
			children = (
				585BB53A2BFC7137007CCD51 /* GameInfo.swift */,
				585BB5362BFC7029007CCD51 /* SingleGameView.swift */,
				585BB5382BFC702E007CCD51 /* SingleGameVM.swift */,
				5870E7472C06F71800416F08 /* SDGrid.swift */,
			);
			path = SingleGameView;
			sourceTree = "<group>";
		};
		585BB5402BFC74FF007CCD51 /* Infrastructure */ = {
			isa = PBXGroup;
			children = (
				585BB5412BFC7516007CCD51 /* BaseNetwork.swift */,
				5870E7562C071EDE00416F08 /* FirestoreService.swift */,
				588EE8842C18238F0053A711 /* MultiGameService.swift */,
				580C10FE2C0EE7C900BFBBC4 /* KeychainService.swift */,
			);
			path = Infrastructure;
			sourceTree = "<group>";
		};
		58637C4B2BFD837600F48A95 /* CustomView */ = {
			isa = PBXGroup;
			children = (
				5878B4822C002A5800A7329B /* SingleTextField.swift */,
				5878B4882C007DCF00A7329B /* SingleBoxTextField.swift */,
				58C50D302C047E5400C4E0F1 /* Topbar.swift */,
			);
			path = CustomView;
			sourceTree = "<group>";
		};
		5878B4722C0012F100A7329B /* RankingView */ = {
			isa = PBXGroup;
			children = (
				5878B4732C00130800A7329B /* RankingView.swift */,
				5878B4752C00130D00A7329B /* RankingVM.swift */,
			);
			path = RankingView;
			sourceTree = "<group>";
		};
		5878B47F2C001B2900A7329B /* Persistence */ = {
			isa = PBXGroup;
			children = (
				5874D77A2C191DE4002911D5 /* animal_picker_db.xcdatamodeld */,
				5878B4802C001B3A00A7329B /* UserDefaultsService.swift */,
				58C50D272C04150000C4E0F1 /* CoreDataService.swift */,
			);
			path = Persistence;
			sourceTree = "<group>";
		};
		587ED91B2C0D70E400FEFA96 /* MultiGameView */ = {
			isa = PBXGroup;
			children = (
				58B607EF2C182859005C2FDF /* MultiGameView */,
				580C11052C0F085500BFBBC4 /* EnterRoomView */,
				580C11022C0EF6F900BFBBC4 /* CreateRoomView */,
				587ED9332C0D848800FEFA96 /* GameRoomList */,
			);
			path = MultiGameView;
			sourceTree = "<group>";
		};
		587ED91C2C0D710D00FEFA96 /* GameView */ = {
			isa = PBXGroup;
			children = (
				587ED91D2C0D711900FEFA96 /* GameItemView.swift */,
			);
			path = GameView;
			sourceTree = "<group>";
		};
		587ED9332C0D848800FEFA96 /* GameRoomList */ = {
			isa = PBXGroup;
			children = (
				587ED9362C0D849700FEFA96 /* GameRoomListView.swift */,
				587ED9342C0D849400FEFA96 /* GameRoomListVM.swift */,
			);
			path = GameRoomList;
			sourceTree = "<group>";
		};
		58856AC92C12901E000F53FF /* Utils */ = {
			isa = PBXGroup;
			children = (
				58856ACA2C12902C000F53FF /* HapticUtil.swift */,
			);
			path = Utils;
			sourceTree = "<group>";
		};
		58B607EF2C182859005C2FDF /* MultiGameView */ = {
			isa = PBXGroup;
			children = (
				587ED91F2C0D72F500FEFA96 /* MultiGameView.swift */,
				587ED9212C0D730000FEFA96 /* MultiGameVM.swift */,
			);
			path = MultiGameView;
			sourceTree = "<group>";
		};
		58C50D2C2C041A1000C4E0F1 /* Domain */ = {
			isa = PBXGroup;
			children = (
				58C50D2D2C041A1700C4E0F1 /* Entities */,
			);
			path = Domain;
			sourceTree = "<group>";
		};
		58C50D2D2C041A1700C4E0F1 /* Entities */ = {
			isa = PBXGroup;
			children = (
				58C50D2E2C041A1D00C4E0F1 /* RankingData.swift */,
				587ED93A2C0D85A200FEFA96 /* RoomData.swift */,
				587ED93E2C0D976200FEFA96 /* MultiGameMemberData.swift */,
			);
			path = Entities;
			sourceTree = "<group>";
		};
/* End PBXGroup section */

/* Begin PBXNativeTarget section */
		585BB4CF2BFC654C007CCD51 /* AnimalPicker */ = {
			isa = PBXNativeTarget;
			buildConfigurationList = 585BB4F42BFC654E007CCD51 /* Build configuration list for PBXNativeTarget "AnimalPicker" */;
			buildPhases = (
				585BB4CC2BFC654C007CCD51 /* Sources */,
				585BB4CD2BFC654C007CCD51 /* Frameworks */,
				585BB4CE2BFC654C007CCD51 /* Resources */,
			);
			buildRules = (
			);
			dependencies = (
			);
			name = AnimalPicker;
			packageProductDependencies = (
				585BB5002BFC6753007CCD51 /* Alamofire */,
				5878B48C2C008AD100A7329B /* Kingfisher */,
				5870E74E2C0718E700416F08 /* FirebaseDatabase */,
				5870E7502C0718E700416F08 /* FirebaseDatabaseSwift */,
				5870E7522C0718E800416F08 /* FirebaseFirestore */,
				5870E7542C0718E800416F08 /* FirebaseFirestoreSwift */,
			);
			productName = AnimalPicker;
			productReference = 585BB4D02BFC654C007CCD51 /* AnimalPicker.app */;
			productType = "com.apple.product-type.application";
		};
		585BB4DF2BFC654E007CCD51 /* AnimalPickerTests */ = {
			isa = PBXNativeTarget;
			buildConfigurationList = 585BB4F72BFC654E007CCD51 /* Build configuration list for PBXNativeTarget "AnimalPickerTests" */;
			buildPhases = (
				585BB4DC2BFC654E007CCD51 /* Sources */,
				585BB4DD2BFC654E007CCD51 /* Frameworks */,
				585BB4DE2BFC654E007CCD51 /* Resources */,
			);
			buildRules = (
			);
			dependencies = (
				585BB4E22BFC654E007CCD51 /* PBXTargetDependency */,
			);
			name = AnimalPickerTests;
			productName = AnimalPickerTests;
			productReference = 585BB4E02BFC654E007CCD51 /* AnimalPickerTests.xctest */;
			productType = "com.apple.product-type.bundle.unit-test";
		};
		585BB4E92BFC654E007CCD51 /* AnimalPickerUITests */ = {
			isa = PBXNativeTarget;
			buildConfigurationList = 585BB4FA2BFC654E007CCD51 /* Build configuration list for PBXNativeTarget "AnimalPickerUITests" */;
			buildPhases = (
				585BB4E62BFC654E007CCD51 /* Sources */,
				585BB4E72BFC654E007CCD51 /* Frameworks */,
				585BB4E82BFC654E007CCD51 /* Resources */,
			);
			buildRules = (
			);
			dependencies = (
				585BB4EC2BFC654E007CCD51 /* PBXTargetDependency */,
			);
			name = AnimalPickerUITests;
			productName = AnimalPickerUITests;
			productReference = 585BB4EA2BFC654E007CCD51 /* AnimalPickerUITests.xctest */;
			productType = "com.apple.product-type.bundle.ui-testing";
		};
/* End PBXNativeTarget section */

/* Begin PBXProject section */
		585BB4C82BFC654C007CCD51 /* Project object */ = {
			isa = PBXProject;
			attributes = {
				BuildIndependentTargetsInParallel = 1;
				LastSwiftUpdateCheck = 1530;
				LastUpgradeCheck = 1530;
				TargetAttributes = {
					585BB4CF2BFC654C007CCD51 = {
						CreatedOnToolsVersion = 15.3;
					};
					585BB4DF2BFC654E007CCD51 = {
						CreatedOnToolsVersion = 15.3;
						TestTargetID = 585BB4CF2BFC654C007CCD51;
					};
					585BB4E92BFC654E007CCD51 = {
						CreatedOnToolsVersion = 15.3;
						TestTargetID = 585BB4CF2BFC654C007CCD51;
					};
				};
			};
			buildConfigurationList = 585BB4CB2BFC654C007CCD51 /* Build configuration list for PBXProject "AnimalPicker" */;
			compatibilityVersion = "Xcode 14.0";
			developmentRegion = en;
			hasScannedForEncodings = 0;
			knownRegions = (
				en,
				Base,
			);
			mainGroup = 585BB4C72BFC654C007CCD51;
			packageReferences = (
				585BB4FF2BFC6753007CCD51 /* XCRemoteSwiftPackageReference "Alamofire" */,
				5878B48B2C008AD100A7329B /* XCRemoteSwiftPackageReference "Kingfisher" */,
				5870E74D2C0718E700416F08 /* XCRemoteSwiftPackageReference "firebase-ios-sdk" */,
			);
			productRefGroup = 585BB4D12BFC654C007CCD51 /* Products */;
			projectDirPath = "";
			projectRoot = "";
			targets = (
				585BB4CF2BFC654C007CCD51 /* AnimalPicker */,
				585BB4DF2BFC654E007CCD51 /* AnimalPickerTests */,
				585BB4E92BFC654E007CCD51 /* AnimalPickerUITests */,
			);
		};
/* End PBXProject section */

/* Begin PBXResourcesBuildPhase section */
		585BB4CE2BFC654C007CCD51 /* Resources */ = {
			isa = PBXResourcesBuildPhase;
			buildActionMask = 2147483647;
			files = (
				26DABF152C189152002010F9 /* GoogleService-Info.plist in Resources */,
				585BB4DB2BFC654D007CCD51 /* Preview Assets.xcassets in Resources */,
				585BB4D82BFC654D007CCD51 /* Assets.xcassets in Resources */,
			);
			runOnlyForDeploymentPostprocessing = 0;
		};
		585BB4DE2BFC654E007CCD51 /* Resources */ = {
			isa = PBXResourcesBuildPhase;
			buildActionMask = 2147483647;
			files = (
			);
			runOnlyForDeploymentPostprocessing = 0;
		};
		585BB4E82BFC654E007CCD51 /* Resources */ = {
			isa = PBXResourcesBuildPhase;
			buildActionMask = 2147483647;
			files = (
			);
			runOnlyForDeploymentPostprocessing = 0;
		};
/* End PBXResourcesBuildPhase section */

/* Begin PBXSourcesBuildPhase section */
		585BB4CC2BFC654C007CCD51 /* Sources */ = {
			isa = PBXSourcesBuildPhase;
			buildActionMask = 2147483647;
			files = (
				5878B4762C00130D00A7329B /* RankingVM.swift in Sources */,
				585BB5112BFC6816007CCD51 /* DIContainer.swift in Sources */,
				5870E7572C071EDE00416F08 /* FirestoreService.swift in Sources */,
				585BB52C2BFC698B007CCD51 /* Util.swift in Sources */,
				587ED9352C0D849400FEFA96 /* GameRoomListVM.swift in Sources */,
				585BB5292BFC6954007CCD51 /* MainVM.swift in Sources */,
				585BB52F2BFC69C6007CCD51 /* View+Extension.swift in Sources */,
				5878B4832C002A5800A7329B /* SingleTextField.swift in Sources */,
				585BB53B2BFC7137007CCD51 /* GameInfo.swift in Sources */,
				5878B4782C00188600A7329B /* RankingInteractor.swift in Sources */,
				58C50D282C04150000C4E0F1 /* CoreDataService.swift in Sources */,
				587ED9222C0D730000FEFA96 /* MultiGameVM.swift in Sources */,
				585BB51A2BFC6866007CCD51 /* Constants.swift in Sources */,
				585BB5072BFC67B8007CCD51 /* AppDelegate.swift in Sources */,
				5870E7482C06F71800416F08 /* SDGrid.swift in Sources */,
				585BB54A2BFC8F5E007CCD51 /* Publisher+Extension.swift in Sources */,
				588EE8852C18238F0053A711 /* MultiGameService.swift in Sources */,
				585BB5442BFC764A007CCD51 /* DogImageRepository.swift in Sources */,
				585BB5312BFC69F1007CCD51 /* Font+Extension.swift in Sources */,
				587ED91E2C0D711900FEFA96 /* GameItemView.swift in Sources */,
				5878B4812C001B3A00A7329B /* UserDefaultsService.swift in Sources */,
				58C50D2F2C041A1D00C4E0F1 /* RankingData.swift in Sources */,
				585BB50E2BFC67FB007CCD51 /* BaseCoordinator.swift in Sources */,
				580C11042C0EF70200BFBBC4 /* CreateRoomVM.swift in Sources */,
				587ED93B2C0D85A200FEFA96 /* RoomData.swift in Sources */,
				585BB5422BFC7516007CCD51 /* BaseNetwork.swift in Sources */,
				5892AE162BFEC961009663C1 /* DuckImageRepository.swift in Sources */,
				585BB5392BFC702E007CCD51 /* SingleGameVM.swift in Sources */,
				585BB5482BFC8379007CCD51 /* AnimalImageInteractor.swift in Sources */,
				58585C482C085FAF005B65FE /* Encodable+Extension.swift in Sources */,
				585BB5092BFC67CC007CCD51 /* SceneDelegate.swift in Sources */,
				585BB5252BFC6922007CCD51 /* BaseViewController.swift in Sources */,
				58585C4A2C08607B005B65FE /* Dictionary+Extension.swift in Sources */,
				585BB51F2BFC68D8007CCD51 /* SplashView.swift in Sources */,
				58856ACB2C12902C000F53FF /* HapticUtil.swift in Sources */,
				580C10FF2C0EE7C900BFBBC4 /* KeychainService.swift in Sources */,
				58C50D312C047E5400C4E0F1 /* Topbar.swift in Sources */,
				58856ACD2C129F40000F53FF /* EnterRoomVM.swift in Sources */,
				585BB50C2BFC67F5007CCD51 /* AppCoordinator.swift in Sources */,
				5878B4742C00130800A7329B /* RankingView.swift in Sources */,
				585BB5132BFC681C007CCD51 /* AppEnvironment.swift in Sources */,
				58585C462C085E62005B65FE /* RankingWebRepository.swift in Sources */,
				587ED9372C0D849700FEFA96 /* GameRoomListView.swift in Sources */,
				585BB5372BFC7029007CCD51 /* SingleGameView.swift in Sources */,
				587ED9202C0D72F500FEFA96 /* MultiGameView.swift in Sources */,
				5878B4892C007DCF00A7329B /* SingleBoxTextField.swift in Sources */,
				58585C4C2C086117005B65FE /* Int16+Extension.swift in Sources */,
				585BB5272BFC6949007CCD51 /* MainView.swift in Sources */,
				5874D77C2C191DE4002911D5 /* animal_picker_db.xcdatamodeld in Sources */,
				580C11012C0EF6C000BFBBC4 /* CreateRoomView.swift in Sources */,
				585BB53D2BFC745B007CCD51 /* FoxImageRepository.swift in Sources */,
				587ED93F2C0D976200FEFA96 /* MultiGameMemberData.swift in Sources */,
				5892AE182BFECCE0009663C1 /* LizardImageRepository.swift in Sources */,
				580C11072C0F086C00BFBBC4 /* EnterRoomView.swift in Sources */,
				5878B47E2C00193300A7329B /* RankingDBRepository.swift in Sources */,
				585BB5212BFC68DF007CCD51 /* SplashVM.swift in Sources */,
				585BB5232BFC6902007CCD51 /* BaseViewModel.swift in Sources */,
			);
			runOnlyForDeploymentPostprocessing = 0;
		};
		585BB4DC2BFC654E007CCD51 /* Sources */ = {
			isa = PBXSourcesBuildPhase;
			buildActionMask = 2147483647;
			files = (
				587ED9262C0D730A00FEFA96 /* MultiGameVM.swift in Sources */,
				587ED9232C0D730500FEFA96 /* MultiGameView.swift in Sources */,
				585BB4E52BFC654E007CCD51 /* AnimalPickerTests.swift in Sources */,
				5870E7582C071EDE00416F08 /* FirestoreService.swift in Sources */,
			);
			runOnlyForDeploymentPostprocessing = 0;
		};
		585BB4E62BFC654E007CCD51 /* Sources */ = {
			isa = PBXSourcesBuildPhase;
			buildActionMask = 2147483647;
			files = (
				585BB4F12BFC654E007CCD51 /* AnimalPickerUITestsLaunchTests.swift in Sources */,
				5870E7592C071EDE00416F08 /* FirestoreService.swift in Sources */,
				587ED9252C0D730A00FEFA96 /* MultiGameVM.swift in Sources */,
				587ED9242C0D730600FEFA96 /* MultiGameView.swift in Sources */,
				585BB4EF2BFC654E007CCD51 /* AnimalPickerUITests.swift in Sources */,
			);
			runOnlyForDeploymentPostprocessing = 0;
		};
/* End PBXSourcesBuildPhase section */

/* Begin PBXTargetDependency section */
		585BB4E22BFC654E007CCD51 /* PBXTargetDependency */ = {
			isa = PBXTargetDependency;
			target = 585BB4CF2BFC654C007CCD51 /* AnimalPicker */;
			targetProxy = 585BB4E12BFC654E007CCD51 /* PBXContainerItemProxy */;
		};
		585BB4EC2BFC654E007CCD51 /* PBXTargetDependency */ = {
			isa = PBXTargetDependency;
			target = 585BB4CF2BFC654C007CCD51 /* AnimalPicker */;
			targetProxy = 585BB4EB2BFC654E007CCD51 /* PBXContainerItemProxy */;
		};
/* End PBXTargetDependency section */

/* Begin XCBuildConfiguration section */
		585BB4F22BFC654E007CCD51 /* Debug */ = {
			isa = XCBuildConfiguration;
			buildSettings = {
				ALWAYS_SEARCH_USER_PATHS = NO;
				ASSETCATALOG_COMPILER_GENERATE_SWIFT_ASSET_SYMBOL_EXTENSIONS = YES;
				CLANG_ANALYZER_NONNULL = YES;
				CLANG_ANALYZER_NUMBER_OBJECT_CONVERSION = YES_AGGRESSIVE;
				CLANG_CXX_LANGUAGE_STANDARD = "gnu++20";
				CLANG_ENABLE_MODULES = YES;
				CLANG_ENABLE_OBJC_ARC = YES;
				CLANG_ENABLE_OBJC_WEAK = YES;
				CLANG_WARN_BLOCK_CAPTURE_AUTORELEASING = YES;
				CLANG_WARN_BOOL_CONVERSION = YES;
				CLANG_WARN_COMMA = YES;
				CLANG_WARN_CONSTANT_CONVERSION = YES;
				CLANG_WARN_DEPRECATED_OBJC_IMPLEMENTATIONS = YES;
				CLANG_WARN_DIRECT_OBJC_ISA_USAGE = YES_ERROR;
				CLANG_WARN_DOCUMENTATION_COMMENTS = YES;
				CLANG_WARN_EMPTY_BODY = YES;
				CLANG_WARN_ENUM_CONVERSION = YES;
				CLANG_WARN_INFINITE_RECURSION = YES;
				CLANG_WARN_INT_CONVERSION = YES;
				CLANG_WARN_NON_LITERAL_NULL_CONVERSION = YES;
				CLANG_WARN_OBJC_IMPLICIT_RETAIN_SELF = YES;
				CLANG_WARN_OBJC_LITERAL_CONVERSION = YES;
				CLANG_WARN_OBJC_ROOT_CLASS = YES_ERROR;
				CLANG_WARN_QUOTED_INCLUDE_IN_FRAMEWORK_HEADER = YES;
				CLANG_WARN_RANGE_LOOP_ANALYSIS = YES;
				CLANG_WARN_STRICT_PROTOTYPES = YES;
				CLANG_WARN_SUSPICIOUS_MOVE = YES;
				CLANG_WARN_UNGUARDED_AVAILABILITY = YES_AGGRESSIVE;
				CLANG_WARN_UNREACHABLE_CODE = YES;
				CLANG_WARN__DUPLICATE_METHOD_MATCH = YES;
				COPY_PHASE_STRIP = NO;
				DEBUG_INFORMATION_FORMAT = dwarf;
				ENABLE_STRICT_OBJC_MSGSEND = YES;
				ENABLE_TESTABILITY = YES;
				ENABLE_USER_SCRIPT_SANDBOXING = YES;
				GCC_C_LANGUAGE_STANDARD = gnu17;
				GCC_DYNAMIC_NO_PIC = NO;
				GCC_NO_COMMON_BLOCKS = YES;
				GCC_OPTIMIZATION_LEVEL = 0;
				GCC_PREPROCESSOR_DEFINITIONS = (
					"DEBUG=1",
					"$(inherited)",
				);
				GCC_WARN_64_TO_32_BIT_CONVERSION = YES;
				GCC_WARN_ABOUT_RETURN_TYPE = YES_ERROR;
				GCC_WARN_UNDECLARED_SELECTOR = YES;
				GCC_WARN_UNINITIALIZED_AUTOS = YES_AGGRESSIVE;
				GCC_WARN_UNUSED_FUNCTION = YES;
				GCC_WARN_UNUSED_VARIABLE = YES;
				IPHONEOS_DEPLOYMENT_TARGET = 15.0;
				LOCALIZATION_PREFERS_STRING_CATALOGS = YES;
				MTL_ENABLE_DEBUG_INFO = INCLUDE_SOURCE;
				MTL_FAST_MATH = YES;
				ONLY_ACTIVE_ARCH = YES;
				SDKROOT = iphoneos;
				SWIFT_ACTIVE_COMPILATION_CONDITIONS = "DEBUG $(inherited)";
				SWIFT_OPTIMIZATION_LEVEL = "-Onone";
			};
			name = Debug;
		};
		585BB4F32BFC654E007CCD51 /* Release */ = {
			isa = XCBuildConfiguration;
			buildSettings = {
				ALWAYS_SEARCH_USER_PATHS = NO;
				ASSETCATALOG_COMPILER_GENERATE_SWIFT_ASSET_SYMBOL_EXTENSIONS = YES;
				CLANG_ANALYZER_NONNULL = YES;
				CLANG_ANALYZER_NUMBER_OBJECT_CONVERSION = YES_AGGRESSIVE;
				CLANG_CXX_LANGUAGE_STANDARD = "gnu++20";
				CLANG_ENABLE_MODULES = YES;
				CLANG_ENABLE_OBJC_ARC = YES;
				CLANG_ENABLE_OBJC_WEAK = YES;
				CLANG_WARN_BLOCK_CAPTURE_AUTORELEASING = YES;
				CLANG_WARN_BOOL_CONVERSION = YES;
				CLANG_WARN_COMMA = YES;
				CLANG_WARN_CONSTANT_CONVERSION = YES;
				CLANG_WARN_DEPRECATED_OBJC_IMPLEMENTATIONS = YES;
				CLANG_WARN_DIRECT_OBJC_ISA_USAGE = YES_ERROR;
				CLANG_WARN_DOCUMENTATION_COMMENTS = YES;
				CLANG_WARN_EMPTY_BODY = YES;
				CLANG_WARN_ENUM_CONVERSION = YES;
				CLANG_WARN_INFINITE_RECURSION = YES;
				CLANG_WARN_INT_CONVERSION = YES;
				CLANG_WARN_NON_LITERAL_NULL_CONVERSION = YES;
				CLANG_WARN_OBJC_IMPLICIT_RETAIN_SELF = YES;
				CLANG_WARN_OBJC_LITERAL_CONVERSION = YES;
				CLANG_WARN_OBJC_ROOT_CLASS = YES_ERROR;
				CLANG_WARN_QUOTED_INCLUDE_IN_FRAMEWORK_HEADER = YES;
				CLANG_WARN_RANGE_LOOP_ANALYSIS = YES;
				CLANG_WARN_STRICT_PROTOTYPES = YES;
				CLANG_WARN_SUSPICIOUS_MOVE = YES;
				CLANG_WARN_UNGUARDED_AVAILABILITY = YES_AGGRESSIVE;
				CLANG_WARN_UNREACHABLE_CODE = YES;
				CLANG_WARN__DUPLICATE_METHOD_MATCH = YES;
				COPY_PHASE_STRIP = NO;
				DEBUG_INFORMATION_FORMAT = "dwarf-with-dsym";
				ENABLE_NS_ASSERTIONS = NO;
				ENABLE_STRICT_OBJC_MSGSEND = YES;
				ENABLE_USER_SCRIPT_SANDBOXING = YES;
				GCC_C_LANGUAGE_STANDARD = gnu17;
				GCC_NO_COMMON_BLOCKS = YES;
				GCC_WARN_64_TO_32_BIT_CONVERSION = YES;
				GCC_WARN_ABOUT_RETURN_TYPE = YES_ERROR;
				GCC_WARN_UNDECLARED_SELECTOR = YES;
				GCC_WARN_UNINITIALIZED_AUTOS = YES_AGGRESSIVE;
				GCC_WARN_UNUSED_FUNCTION = YES;
				GCC_WARN_UNUSED_VARIABLE = YES;
				IPHONEOS_DEPLOYMENT_TARGET = 15.0;
				LOCALIZATION_PREFERS_STRING_CATALOGS = YES;
				MTL_ENABLE_DEBUG_INFO = NO;
				MTL_FAST_MATH = YES;
				SDKROOT = iphoneos;
				SWIFT_COMPILATION_MODE = wholemodule;
				VALIDATE_PRODUCT = YES;
			};
			name = Release;
		};
		585BB4F52BFC654E007CCD51 /* Debug */ = {
			isa = XCBuildConfiguration;
			buildSettings = {
				ASSETCATALOG_COMPILER_APPICON_NAME = AppIcon;
				ASSETCATALOG_COMPILER_GLOBAL_ACCENT_COLOR_NAME = AccentColor;
				CODE_SIGN_STYLE = Automatic;
				CURRENT_PROJECT_VERSION = 1;
				DEVELOPMENT_ASSET_PATHS = "\"AnimalPicker/Preview Content\"";
				DEVELOPMENT_TEAM = 3RZRY2TK85;
				ENABLE_PREVIEWS = YES;
				GENERATE_INFOPLIST_FILE = YES;
				INFOPLIST_FILE = AnimalPicker/Info.plist;
				INFOPLIST_KEY_UIApplicationSupportsIndirectInputEvents = YES;
				INFOPLIST_KEY_UILaunchScreen_Generation = YES;
				INFOPLIST_KEY_UISupportedInterfaceOrientations_iPad = "UIInterfaceOrientationPortrait UIInterfaceOrientationPortraitUpsideDown UIInterfaceOrientationLandscapeLeft UIInterfaceOrientationLandscapeRight";
				INFOPLIST_KEY_UISupportedInterfaceOrientations_iPhone = "UIInterfaceOrientationPortrait UIInterfaceOrientationLandscapeLeft UIInterfaceOrientationLandscapeRight";
				LD_RUNPATH_SEARCH_PATHS = (
					"$(inherited)",
					"@executable_path/Frameworks",
				);
				MARKETING_VERSION = 1.0;
				PRODUCT_BUNDLE_IDENTIFIER = com.sandy.AnimalPicker;
				PRODUCT_NAME = "$(TARGET_NAME)";
				SWIFT_EMIT_LOC_STRINGS = YES;
				SWIFT_VERSION = 5.0;
				TARGETED_DEVICE_FAMILY = "1,2";
			};
			name = Debug;
		};
		585BB4F62BFC654E007CCD51 /* Release */ = {
			isa = XCBuildConfiguration;
			buildSettings = {
				ASSETCATALOG_COMPILER_APPICON_NAME = AppIcon;
				ASSETCATALOG_COMPILER_GLOBAL_ACCENT_COLOR_NAME = AccentColor;
				CODE_SIGN_STYLE = Automatic;
				CURRENT_PROJECT_VERSION = 1;
				DEVELOPMENT_ASSET_PATHS = "\"AnimalPicker/Preview Content\"";
				DEVELOPMENT_TEAM = 3RZRY2TK85;
				ENABLE_PREVIEWS = YES;
				GENERATE_INFOPLIST_FILE = YES;
				INFOPLIST_FILE = AnimalPicker/Info.plist;
				INFOPLIST_KEY_UIApplicationSupportsIndirectInputEvents = YES;
				INFOPLIST_KEY_UILaunchScreen_Generation = YES;
				INFOPLIST_KEY_UISupportedInterfaceOrientations_iPad = "UIInterfaceOrientationPortrait UIInterfaceOrientationPortraitUpsideDown UIInterfaceOrientationLandscapeLeft UIInterfaceOrientationLandscapeRight";
				INFOPLIST_KEY_UISupportedInterfaceOrientations_iPhone = "UIInterfaceOrientationPortrait UIInterfaceOrientationLandscapeLeft UIInterfaceOrientationLandscapeRight";
				LD_RUNPATH_SEARCH_PATHS = (
					"$(inherited)",
					"@executable_path/Frameworks",
				);
				MARKETING_VERSION = 1.0;
				PRODUCT_BUNDLE_IDENTIFIER = com.sandy.AnimalPicker;
				PRODUCT_NAME = "$(TARGET_NAME)";
				SWIFT_EMIT_LOC_STRINGS = YES;
				SWIFT_VERSION = 5.0;
				TARGETED_DEVICE_FAMILY = "1,2";
			};
			name = Release;
		};
		585BB4F82BFC654E007CCD51 /* Debug */ = {
			isa = XCBuildConfiguration;
			buildSettings = {
				ALWAYS_EMBED_SWIFT_STANDARD_LIBRARIES = YES;
				BUNDLE_LOADER = "$(TEST_HOST)";
				CODE_SIGN_STYLE = Automatic;
				CURRENT_PROJECT_VERSION = 1;
				DEVELOPMENT_TEAM = 3RZRY2TK85;
				GENERATE_INFOPLIST_FILE = YES;
				IPHONEOS_DEPLOYMENT_TARGET = 15.0;
				MARKETING_VERSION = 1.0;
				PRODUCT_BUNDLE_IDENTIFIER = com.sandy.AnimalPickerTests;
				PRODUCT_NAME = "$(TARGET_NAME)";
				SWIFT_EMIT_LOC_STRINGS = NO;
				SWIFT_VERSION = 5.0;
				TARGETED_DEVICE_FAMILY = "1,2";
				TEST_HOST = "$(BUILT_PRODUCTS_DIR)/AnimalPicker.app/$(BUNDLE_EXECUTABLE_FOLDER_PATH)/AnimalPicker";
			};
			name = Debug;
		};
		585BB4F92BFC654E007CCD51 /* Release */ = {
			isa = XCBuildConfiguration;
			buildSettings = {
				ALWAYS_EMBED_SWIFT_STANDARD_LIBRARIES = YES;
				BUNDLE_LOADER = "$(TEST_HOST)";
				CODE_SIGN_STYLE = Automatic;
				CURRENT_PROJECT_VERSION = 1;
				DEVELOPMENT_TEAM = 3RZRY2TK85;
				GENERATE_INFOPLIST_FILE = YES;
				IPHONEOS_DEPLOYMENT_TARGET = 15.0;
				MARKETING_VERSION = 1.0;
				PRODUCT_BUNDLE_IDENTIFIER = com.sandy.AnimalPickerTests;
				PRODUCT_NAME = "$(TARGET_NAME)";
				SWIFT_EMIT_LOC_STRINGS = NO;
				SWIFT_VERSION = 5.0;
				TARGETED_DEVICE_FAMILY = "1,2";
				TEST_HOST = "$(BUILT_PRODUCTS_DIR)/AnimalPicker.app/$(BUNDLE_EXECUTABLE_FOLDER_PATH)/AnimalPicker";
			};
			name = Release;
		};
		585BB4FB2BFC654E007CCD51 /* Debug */ = {
			isa = XCBuildConfiguration;
			buildSettings = {
				ALWAYS_EMBED_SWIFT_STANDARD_LIBRARIES = YES;
				CODE_SIGN_STYLE = Automatic;
				CURRENT_PROJECT_VERSION = 1;
				DEVELOPMENT_TEAM = 3RZRY2TK85;
				GENERATE_INFOPLIST_FILE = YES;
				MARKETING_VERSION = 1.0;
				PRODUCT_BUNDLE_IDENTIFIER = com.sandy.AnimalPickerUITests;
				PRODUCT_NAME = "$(TARGET_NAME)";
				SWIFT_EMIT_LOC_STRINGS = NO;
				SWIFT_VERSION = 5.0;
				TARGETED_DEVICE_FAMILY = "1,2";
				TEST_TARGET_NAME = AnimalPicker;
			};
			name = Debug;
		};
		585BB4FC2BFC654E007CCD51 /* Release */ = {
			isa = XCBuildConfiguration;
			buildSettings = {
				ALWAYS_EMBED_SWIFT_STANDARD_LIBRARIES = YES;
				CODE_SIGN_STYLE = Automatic;
				CURRENT_PROJECT_VERSION = 1;
				DEVELOPMENT_TEAM = 3RZRY2TK85;
				GENERATE_INFOPLIST_FILE = YES;
				MARKETING_VERSION = 1.0;
				PRODUCT_BUNDLE_IDENTIFIER = com.sandy.AnimalPickerUITests;
				PRODUCT_NAME = "$(TARGET_NAME)";
				SWIFT_EMIT_LOC_STRINGS = NO;
				SWIFT_VERSION = 5.0;
				TARGETED_DEVICE_FAMILY = "1,2";
				TEST_TARGET_NAME = AnimalPicker;
			};
			name = Release;
		};
/* End XCBuildConfiguration section */

/* Begin XCConfigurationList section */
		585BB4CB2BFC654C007CCD51 /* Build configuration list for PBXProject "AnimalPicker" */ = {
			isa = XCConfigurationList;
			buildConfigurations = (
				585BB4F22BFC654E007CCD51 /* Debug */,
				585BB4F32BFC654E007CCD51 /* Release */,
			);
			defaultConfigurationIsVisible = 0;
			defaultConfigurationName = Release;
		};
		585BB4F42BFC654E007CCD51 /* Build configuration list for PBXNativeTarget "AnimalPicker" */ = {
			isa = XCConfigurationList;
			buildConfigurations = (
				585BB4F52BFC654E007CCD51 /* Debug */,
				585BB4F62BFC654E007CCD51 /* Release */,
			);
			defaultConfigurationIsVisible = 0;
			defaultConfigurationName = Release;
		};
		585BB4F72BFC654E007CCD51 /* Build configuration list for PBXNativeTarget "AnimalPickerTests" */ = {
			isa = XCConfigurationList;
			buildConfigurations = (
				585BB4F82BFC654E007CCD51 /* Debug */,
				585BB4F92BFC654E007CCD51 /* Release */,
			);
			defaultConfigurationIsVisible = 0;
			defaultConfigurationName = Release;
		};
		585BB4FA2BFC654E007CCD51 /* Build configuration list for PBXNativeTarget "AnimalPickerUITests" */ = {
			isa = XCConfigurationList;
			buildConfigurations = (
				585BB4FB2BFC654E007CCD51 /* Debug */,
				585BB4FC2BFC654E007CCD51 /* Release */,
			);
			defaultConfigurationIsVisible = 0;
			defaultConfigurationName = Release;
		};
/* End XCConfigurationList section */

/* Begin XCRemoteSwiftPackageReference section */
		585BB4FF2BFC6753007CCD51 /* XCRemoteSwiftPackageReference "Alamofire" */ = {
			isa = XCRemoteSwiftPackageReference;
			repositoryURL = "https://github.com/Alamofire/Alamofire.git";
			requirement = {
				kind = upToNextMajorVersion;
				minimumVersion = 5.9.1;
			};
		};
		5870E74D2C0718E700416F08 /* XCRemoteSwiftPackageReference "firebase-ios-sdk" */ = {
			isa = XCRemoteSwiftPackageReference;
			repositoryURL = "https://github.com/firebase/firebase-ios-sdk.git";
			requirement = {
				kind = upToNextMajorVersion;
				minimumVersion = 10.26.0;
			};
		};
		5878B48B2C008AD100A7329B /* XCRemoteSwiftPackageReference "Kingfisher" */ = {
			isa = XCRemoteSwiftPackageReference;
			repositoryURL = "https://github.com/onevcat/Kingfisher.git";
			requirement = {
				kind = upToNextMajorVersion;
				minimumVersion = 7.11.0;
			};
		};
/* End XCRemoteSwiftPackageReference section */

/* Begin XCSwiftPackageProductDependency section */
		585BB5002BFC6753007CCD51 /* Alamofire */ = {
			isa = XCSwiftPackageProductDependency;
			package = 585BB4FF2BFC6753007CCD51 /* XCRemoteSwiftPackageReference "Alamofire" */;
			productName = Alamofire;
		};
		5870E74E2C0718E700416F08 /* FirebaseDatabase */ = {
			isa = XCSwiftPackageProductDependency;
			package = 5870E74D2C0718E700416F08 /* XCRemoteSwiftPackageReference "firebase-ios-sdk" */;
			productName = FirebaseDatabase;
		};
		5870E7502C0718E700416F08 /* FirebaseDatabaseSwift */ = {
			isa = XCSwiftPackageProductDependency;
			package = 5870E74D2C0718E700416F08 /* XCRemoteSwiftPackageReference "firebase-ios-sdk" */;
			productName = FirebaseDatabaseSwift;
		};
		5870E7522C0718E800416F08 /* FirebaseFirestore */ = {
			isa = XCSwiftPackageProductDependency;
			package = 5870E74D2C0718E700416F08 /* XCRemoteSwiftPackageReference "firebase-ios-sdk" */;
			productName = FirebaseFirestore;
		};
		5870E7542C0718E800416F08 /* FirebaseFirestoreSwift */ = {
			isa = XCSwiftPackageProductDependency;
			package = 5870E74D2C0718E700416F08 /* XCRemoteSwiftPackageReference "firebase-ios-sdk" */;
			productName = FirebaseFirestoreSwift;
		};
		5878B48C2C008AD100A7329B /* Kingfisher */ = {
			isa = XCSwiftPackageProductDependency;
			package = 5878B48B2C008AD100A7329B /* XCRemoteSwiftPackageReference "Kingfisher" */;
			productName = Kingfisher;
		};
/* End XCSwiftPackageProductDependency section */

/* Begin XCVersionGroup section */
		5874D77A2C191DE4002911D5 /* animal_picker_db.xcdatamodeld */ = {
			isa = XCVersionGroup;
			children = (
				5874D77B2C191DE4002911D5 /* animal_picker_db.xcdatamodel */,
			);
			currentVersion = 5874D77B2C191DE4002911D5 /* animal_picker_db.xcdatamodel */;
			name = animal_picker_db.xcdatamodeld;
			path = /Users/hessegg_pollberry/dev/AnimalPicker/AnimalPicker/Persistence/animal_picker_db.xcdatamodeld;
			sourceTree = "<group>";
			versionGroupType = wrapper.xcdatamodel;
		};
/* End XCVersionGroup section */
	};
	rootObject = 585BB4C82BFC654C007CCD51 /* Project object */;
}
